// !$*UTF8*$!
{
	archiveVersion = 1;
	classes = {
	};
	objectVersion = 46;
	objects = {

/* Begin PBXBuildFile section */
		381494351BB2B6E10066BEC2 /* Swiftz.framework in Frameworks */ = {isa = PBXBuildFile; fileRef = 3814942F1BB2B64A0066BEC2 /* Swiftz.framework */; };
		381494371BB2B71F0066BEC2 /* Swiftz.framework in CopyFiles */ = {isa = PBXBuildFile; fileRef = 3814942F1BB2B64A0066BEC2 /* Swiftz.framework */; settings = {ATTRIBUTES = (CodeSignOnCopy, RemoveHeadersOnCopy, ); }; };
		381494431BB2BA630066BEC2 /* Queue.framework in Frameworks */ = {isa = PBXBuildFile; fileRef = 3814943E1BB2BA210066BEC2 /* Queue.framework */; };
		381494441BB2BA690066BEC2 /* Queue.framework in CopyFiles */ = {isa = PBXBuildFile; fileRef = 3814943E1BB2BA210066BEC2 /* Queue.framework */; settings = {ATTRIBUTES = (CodeSignOnCopy, RemoveHeadersOnCopy, ); }; };
		38DD4FA21B306F75003BBCEE /* Future.framework in Frameworks */ = {isa = PBXBuildFile; fileRef = 38DD4F961B306F75003BBCEE /* Future.framework */; };
		38DD4FA91B306F75003BBCEE /* FutureTests.swift in Sources */ = {isa = PBXBuildFile; fileRef = 38DD4FA81B306F75003BBCEE /* FutureTests.swift */; };
		38DD4FB31B307314003BBCEE /* Future.swift in Sources */ = {isa = PBXBuildFile; fileRef = 38DD4FB21B307314003BBCEE /* Future.swift */; };
		38DD4FB51B307322003BBCEE /* Promise.swift in Sources */ = {isa = PBXBuildFile; fileRef = 38DD4FB41B307322003BBCEE /* Promise.swift */; };
/* End PBXBuildFile section */

/* Begin PBXContainerItemProxy section */
		3814942A1BB2B64A0066BEC2 /* PBXContainerItemProxy */ = {
			isa = PBXContainerItemProxy;
			containerPortal = 381494221BB2B64A0066BEC2 /* Swiftz.xcodeproj */;
			proxyType = 2;
			remoteGlobalIDString = 84A88F981A71DF7F003D53CF;
			remoteInfo = Swiftz;
		};
		3814942C1BB2B64A0066BEC2 /* PBXContainerItemProxy */ = {
			isa = PBXContainerItemProxy;
			containerPortal = 381494221BB2B64A0066BEC2 /* Swiftz.xcodeproj */;
			proxyType = 2;
			remoteGlobalIDString = 84A88FA31A71DF7F003D53CF;
			remoteInfo = SwiftzTests;
		};
		3814942E1BB2B64A0066BEC2 /* PBXContainerItemProxy */ = {
			isa = PBXContainerItemProxy;
			containerPortal = 381494221BB2B64A0066BEC2 /* Swiftz.xcodeproj */;
			proxyType = 2;
			remoteGlobalIDString = 84DF751E1B0BD17700C912B0;
			remoteInfo = "Swiftz-iOS";
		};
		381494301BB2B64A0066BEC2 /* PBXContainerItemProxy */ = {
			isa = PBXContainerItemProxy;
			containerPortal = 381494221BB2B64A0066BEC2 /* Swiftz.xcodeproj */;
			proxyType = 2;
			remoteGlobalIDString = 84DF75281B0BD17700C912B0;
			remoteInfo = "Swiftz-iOSTests";
		};
		381494331BB2B6D90066BEC2 /* PBXContainerItemProxy */ = {
			isa = PBXContainerItemProxy;
			containerPortal = 381494221BB2B64A0066BEC2 /* Swiftz.xcodeproj */;
			proxyType = 1;
			remoteGlobalIDString = 84DF751D1B0BD17700C912B0;
			remoteInfo = "Swiftz-iOS";
		};
		3814943D1BB2BA210066BEC2 /* PBXContainerItemProxy */ = {
			isa = PBXContainerItemProxy;
			containerPortal = 381494381BB2BA210066BEC2 /* Queue.xcodeproj */;
			proxyType = 2;
			remoteGlobalIDString = 38DD4E9C1B304D76003BBCEE;
			remoteInfo = Queue;
		};
		3814943F1BB2BA210066BEC2 /* PBXContainerItemProxy */ = {
			isa = PBXContainerItemProxy;
			containerPortal = 381494381BB2BA210066BEC2 /* Queue.xcodeproj */;
			proxyType = 2;
			remoteGlobalIDString = 38DD4EA71B304D76003BBCEE;
			remoteInfo = QueueTests;
		};
		381494411BB2BA5D0066BEC2 /* PBXContainerItemProxy */ = {
			isa = PBXContainerItemProxy;
			containerPortal = 381494381BB2BA210066BEC2 /* Queue.xcodeproj */;
			proxyType = 1;
			remoteGlobalIDString = 38DD4E9B1B304D76003BBCEE;
			remoteInfo = Queue;
		};
		38DD4FA31B306F75003BBCEE /* PBXContainerItemProxy */ = {
			isa = PBXContainerItemProxy;
			containerPortal = 38DD4F8D1B306F75003BBCEE /* Project object */;
			proxyType = 1;
			remoteGlobalIDString = 38DD4F951B306F75003BBCEE;
			remoteInfo = Future;
		};
/* End PBXContainerItemProxy section */

/* Begin PBXCopyFilesBuildPhase section */
		381494361BB2B7140066BEC2 /* CopyFiles */ = {
			isa = PBXCopyFilesBuildPhase;
			buildActionMask = 2147483647;
			dstPath = "";
			dstSubfolderSpec = 10;
			files = (
				381494441BB2BA690066BEC2 /* Queue.framework in CopyFiles */,
				381494371BB2B71F0066BEC2 /* Swiftz.framework in CopyFiles */,
			);
			runOnlyForDeploymentPostprocessing = 0;
		};
/* End PBXCopyFilesBuildPhase section */

/* Begin PBXFileReference section */
		381494221BB2B64A0066BEC2 /* Swiftz.xcodeproj */ = {isa = PBXFileReference; lastKnownFileType = "wrapper.pb-project"; name = Swiftz.xcodeproj; path = Submodules/Swiftz/Swiftz.xcodeproj; sourceTree = "<group>"; };
		381494381BB2BA210066BEC2 /* Queue.xcodeproj */ = {isa = PBXFileReference; lastKnownFileType = "wrapper.pb-project"; name = Queue.xcodeproj; path = Submodules/Queue/Queue.xcodeproj; sourceTree = "<group>"; };
		38DD4F961B306F75003BBCEE /* Future.framework */ = {isa = PBXFileReference; explicitFileType = wrapper.framework; includeInIndex = 0; path = Future.framework; sourceTree = BUILT_PRODUCTS_DIR; };
		38DD4F9A1B306F75003BBCEE /* Info.plist */ = {isa = PBXFileReference; lastKnownFileType = text.plist.xml; path = Info.plist; sourceTree = "<group>"; };
		38DD4FA11B306F75003BBCEE /* FutureTests.xctest */ = {isa = PBXFileReference; explicitFileType = wrapper.cfbundle; includeInIndex = 0; path = FutureTests.xctest; sourceTree = BUILT_PRODUCTS_DIR; };
		38DD4FA71B306F75003BBCEE /* Info.plist */ = {isa = PBXFileReference; lastKnownFileType = text.plist.xml; path = Info.plist; sourceTree = "<group>"; };
		38DD4FA81B306F75003BBCEE /* FutureTests.swift */ = {isa = PBXFileReference; lastKnownFileType = sourcecode.swift; path = FutureTests.swift; sourceTree = "<group>"; };
		38DD4FB21B307314003BBCEE /* Future.swift */ = {isa = PBXFileReference; fileEncoding = 4; lastKnownFileType = sourcecode.swift; path = Future.swift; sourceTree = "<group>"; };
		38DD4FB41B307322003BBCEE /* Promise.swift */ = {isa = PBXFileReference; fileEncoding = 4; lastKnownFileType = sourcecode.swift; path = Promise.swift; sourceTree = "<group>"; };
/* End PBXFileReference section */

/* Begin PBXFrameworksBuildPhase section */
		38DD4F921B306F75003BBCEE /* Frameworks */ = {
			isa = PBXFrameworksBuildPhase;
			buildActionMask = 2147483647;
			files = (
				381494431BB2BA630066BEC2 /* Queue.framework in Frameworks */,
				381494351BB2B6E10066BEC2 /* Swiftz.framework in Frameworks */,
			);
			runOnlyForDeploymentPostprocessing = 0;
		};
		38DD4F9E1B306F75003BBCEE /* Frameworks */ = {
			isa = PBXFrameworksBuildPhase;
			buildActionMask = 2147483647;
			files = (
				38DD4FA21B306F75003BBCEE /* Future.framework in Frameworks */,
			);
			runOnlyForDeploymentPostprocessing = 0;
		};
/* End PBXFrameworksBuildPhase section */

/* Begin PBXGroup section */
		381494201BB2B60E0066BEC2 /* Frameworks */ = {
			isa = PBXGroup;
			children = (
			);
			name = Frameworks;
			sourceTree = "<group>";
		};
		381494211BB2B6190066BEC2 /* Projects */ = {
			isa = PBXGroup;
			children = (
				381494381BB2BA210066BEC2 /* Queue.xcodeproj */,
				381494221BB2B64A0066BEC2 /* Swiftz.xcodeproj */,
			);
			name = Projects;
			sourceTree = "<group>";
		};
		381494231BB2B64A0066BEC2 /* Products */ = {
			isa = PBXGroup;
			children = (
				3814942B1BB2B64A0066BEC2 /* Swiftz.framework */,
				3814942D1BB2B64A0066BEC2 /* SwiftzTests.xctest */,
				3814942F1BB2B64A0066BEC2 /* Swiftz.framework */,
				381494311BB2B64A0066BEC2 /* Swiftz-iOSTests.xctest */,
			);
			name = Products;
			sourceTree = "<group>";
		};
		381494391BB2BA210066BEC2 /* Products */ = {
			isa = PBXGroup;
			children = (
				3814943E1BB2BA210066BEC2 /* Queue.framework */,
				381494401BB2BA210066BEC2 /* QueueTests.xctest */,
			);
			name = Products;
			sourceTree = "<group>";
		};
		38DD4F8C1B306F75003BBCEE = {
			isa = PBXGroup;
			children = (
				38DD4F981B306F75003BBCEE /* Future */,
				38DD4FA51B306F75003BBCEE /* FutureTests */,
				38DD4FB61B30733D003BBCEE /* Dependencies */,
				38DD4F971B306F75003BBCEE /* Products */,
			);
			sourceTree = "<group>";
		};
		38DD4F971B306F75003BBCEE /* Products */ = {
			isa = PBXGroup;
			children = (
				38DD4F961B306F75003BBCEE /* Future.framework */,
				38DD4FA11B306F75003BBCEE /* FutureTests.xctest */,
			);
			name = Products;
			sourceTree = "<group>";
		};
		38DD4F981B306F75003BBCEE /* Future */ = {
			isa = PBXGroup;
			children = (
				38DD4FB21B307314003BBCEE /* Future.swift */,
				38DD4FB41B307322003BBCEE /* Promise.swift */,
				38DD4F991B306F75003BBCEE /* Supporting Files */,
			);
			path = Future;
			sourceTree = "<group>";
		};
		38DD4F991B306F75003BBCEE /* Supporting Files */ = {
			isa = PBXGroup;
			children = (
				38DD4F9A1B306F75003BBCEE /* Info.plist */,
			);
			name = "Supporting Files";
			sourceTree = "<group>";
		};
		38DD4FA51B306F75003BBCEE /* FutureTests */ = {
			isa = PBXGroup;
			children = (
				38DD4FA81B306F75003BBCEE /* FutureTests.swift */,
				38DD4FA61B306F75003BBCEE /* Supporting Files */,
			);
			path = FutureTests;
			sourceTree = "<group>";
		};
		38DD4FA61B306F75003BBCEE /* Supporting Files */ = {
			isa = PBXGroup;
			children = (
				38DD4FA71B306F75003BBCEE /* Info.plist */,
			);
			name = "Supporting Files";
			sourceTree = "<group>";
		};
		38DD4FB61B30733D003BBCEE /* Dependencies */ = {
			isa = PBXGroup;
			children = (
				381494211BB2B6190066BEC2 /* Projects */,
				381494201BB2B60E0066BEC2 /* Frameworks */,
			);
			name = Dependencies;
			sourceTree = "<group>";
		};
/* End PBXGroup section */

/* Begin PBXHeadersBuildPhase section */
		38DD4F931B306F75003BBCEE /* Headers */ = {
			isa = PBXHeadersBuildPhase;
			buildActionMask = 2147483647;
			files = (
			);
			runOnlyForDeploymentPostprocessing = 0;
		};
/* End PBXHeadersBuildPhase section */

/* Begin PBXNativeTarget section */
		38DD4F951B306F75003BBCEE /* Future */ = {
			isa = PBXNativeTarget;
			buildConfigurationList = 38DD4FAC1B306F75003BBCEE /* Build configuration list for PBXNativeTarget "Future" */;
			buildPhases = (
				38DD4F911B306F75003BBCEE /* Sources */,
				38DD4F921B306F75003BBCEE /* Frameworks */,
				38DD4F931B306F75003BBCEE /* Headers */,
				38DD4F941B306F75003BBCEE /* Resources */,
				381494361BB2B7140066BEC2 /* CopyFiles */,
			);
			buildRules = (
			);
			dependencies = (
				381494421BB2BA5D0066BEC2 /* PBXTargetDependency */,
				381494341BB2B6D90066BEC2 /* PBXTargetDependency */,
			);
			name = Future;
			productName = Future;
			productReference = 38DD4F961B306F75003BBCEE /* Future.framework */;
			productType = "com.apple.product-type.framework";
		};
		38DD4FA01B306F75003BBCEE /* FutureTests */ = {
			isa = PBXNativeTarget;
			buildConfigurationList = 38DD4FAF1B306F75003BBCEE /* Build configuration list for PBXNativeTarget "FutureTests" */;
			buildPhases = (
				38DD4F9D1B306F75003BBCEE /* Sources */,
				38DD4F9E1B306F75003BBCEE /* Frameworks */,
				38DD4F9F1B306F75003BBCEE /* Resources */,
			);
			buildRules = (
			);
			dependencies = (
				38DD4FA41B306F75003BBCEE /* PBXTargetDependency */,
			);
			name = FutureTests;
			productName = FutureTests;
			productReference = 38DD4FA11B306F75003BBCEE /* FutureTests.xctest */;
			productType = "com.apple.product-type.bundle.unit-test";
		};
/* End PBXNativeTarget section */

/* Begin PBXProject section */
		38DD4F8D1B306F75003BBCEE /* Project object */ = {
			isa = PBXProject;
			attributes = {
				LastSwiftMigration = 0700;
				LastSwiftUpdateCheck = 0700;
				LastUpgradeCheck = 0700;
				ORGANIZATIONNAME = Elvi;
				TargetAttributes = {
					38DD4F951B306F75003BBCEE = {
						CreatedOnToolsVersion = 6.3.2;
					};
					38DD4FA01B306F75003BBCEE = {
						CreatedOnToolsVersion = 6.3.2;
					};
				};
			};
			buildConfigurationList = 38DD4F901B306F75003BBCEE /* Build configuration list for PBXProject "Future" */;
			compatibilityVersion = "Xcode 3.2";
			developmentRegion = English;
			hasScannedForEncodings = 0;
			knownRegions = (
				en,
			);
			mainGroup = 38DD4F8C1B306F75003BBCEE;
			productRefGroup = 38DD4F971B306F75003BBCEE /* Products */;
			projectDirPath = "";
			projectReferences = (
				{
					ProductGroup = 381494391BB2BA210066BEC2 /* Products */;
					ProjectRef = 381494381BB2BA210066BEC2 /* Queue.xcodeproj */;
				},
				{
					ProductGroup = 381494231BB2B64A0066BEC2 /* Products */;
					ProjectRef = 381494221BB2B64A0066BEC2 /* Swiftz.xcodeproj */;
				},
			);
			projectRoot = "";
			targets = (
				38DD4F951B306F75003BBCEE /* Future */,
				38DD4FA01B306F75003BBCEE /* FutureTests */,
			);
		};
/* End PBXProject section */

/* Begin PBXReferenceProxy section */
		3814942B1BB2B64A0066BEC2 /* Swiftz.framework */ = {
			isa = PBXReferenceProxy;
			fileType = wrapper.framework;
			path = Swiftz.framework;
			remoteRef = 3814942A1BB2B64A0066BEC2 /* PBXContainerItemProxy */;
			sourceTree = BUILT_PRODUCTS_DIR;
		};
		3814942D1BB2B64A0066BEC2 /* SwiftzTests.xctest */ = {
			isa = PBXReferenceProxy;
			fileType = wrapper.cfbundle;
			path = SwiftzTests.xctest;
			remoteRef = 3814942C1BB2B64A0066BEC2 /* PBXContainerItemProxy */;
			sourceTree = BUILT_PRODUCTS_DIR;
		};
		3814942F1BB2B64A0066BEC2 /* Swiftz.framework */ = {
			isa = PBXReferenceProxy;
			fileType = wrapper.framework;
			path = Swiftz.framework;
			remoteRef = 3814942E1BB2B64A0066BEC2 /* PBXContainerItemProxy */;
			sourceTree = BUILT_PRODUCTS_DIR;
		};
		381494311BB2B64A0066BEC2 /* Swiftz-iOSTests.xctest */ = {
			isa = PBXReferenceProxy;
			fileType = wrapper.cfbundle;
			path = "Swiftz-iOSTests.xctest";
			remoteRef = 381494301BB2B64A0066BEC2 /* PBXContainerItemProxy */;
			sourceTree = BUILT_PRODUCTS_DIR;
		};
		3814943E1BB2BA210066BEC2 /* Queue.framework */ = {
			isa = PBXReferenceProxy;
			fileType = wrapper.framework;
			path = Queue.framework;
			remoteRef = 3814943D1BB2BA210066BEC2 /* PBXContainerItemProxy */;
			sourceTree = BUILT_PRODUCTS_DIR;
		};
		381494401BB2BA210066BEC2 /* QueueTests.xctest */ = {
			isa = PBXReferenceProxy;
			fileType = wrapper.cfbundle;
			path = QueueTests.xctest;
			remoteRef = 3814943F1BB2BA210066BEC2 /* PBXContainerItemProxy */;
			sourceTree = BUILT_PRODUCTS_DIR;
		};
/* End PBXReferenceProxy section */

/* Begin PBXResourcesBuildPhase section */
		38DD4F941B306F75003BBCEE /* Resources */ = {
			isa = PBXResourcesBuildPhase;
			buildActionMask = 2147483647;
			files = (
			);
			runOnlyForDeploymentPostprocessing = 0;
		};
		38DD4F9F1B306F75003BBCEE /* Resources */ = {
			isa = PBXResourcesBuildPhase;
			buildActionMask = 2147483647;
			files = (
			);
			runOnlyForDeploymentPostprocessing = 0;
		};
/* End PBXResourcesBuildPhase section */

/* Begin PBXSourcesBuildPhase section */
		38DD4F911B306F75003BBCEE /* Sources */ = {
			isa = PBXSourcesBuildPhase;
			buildActionMask = 2147483647;
			files = (
				38DD4FB31B307314003BBCEE /* Future.swift in Sources */,
				38DD4FB51B307322003BBCEE /* Promise.swift in Sources */,
			);
			runOnlyForDeploymentPostprocessing = 0;
		};
		38DD4F9D1B306F75003BBCEE /* Sources */ = {
			isa = PBXSourcesBuildPhase;
			buildActionMask = 2147483647;
			files = (
				38DD4FA91B306F75003BBCEE /* FutureTests.swift in Sources */,
			);
			runOnlyForDeploymentPostprocessing = 0;
		};
/* End PBXSourcesBuildPhase section */

/* Begin PBXTargetDependency section */
		381494341BB2B6D90066BEC2 /* PBXTargetDependency */ = {
			isa = PBXTargetDependency;
			name = "Swiftz-iOS";
			targetProxy = 381494331BB2B6D90066BEC2 /* PBXContainerItemProxy */;
		};
		381494421BB2BA5D0066BEC2 /* PBXTargetDependency */ = {
			isa = PBXTargetDependency;
			name = Queue;
			targetProxy = 381494411BB2BA5D0066BEC2 /* PBXContainerItemProxy */;
		};
		38DD4FA41B306F75003BBCEE /* PBXTargetDependency */ = {
			isa = PBXTargetDependency;
			target = 38DD4F951B306F75003BBCEE /* Future */;
			targetProxy = 38DD4FA31B306F75003BBCEE /* PBXContainerItemProxy */;
		};
/* End PBXTargetDependency section */

/* Begin XCBuildConfiguration section */
		38DD4FAA1B306F75003BBCEE /* Debug */ = {
			isa = XCBuildConfiguration;
			buildSettings = {
				ALWAYS_SEARCH_USER_PATHS = NO;
				CLANG_CXX_LANGUAGE_STANDARD = "gnu++0x";
				CLANG_CXX_LIBRARY = "libc++";
				CLANG_ENABLE_MODULES = YES;
				CLANG_ENABLE_OBJC_ARC = YES;
				CLANG_WARN_BOOL_CONVERSION = YES;
				CLANG_WARN_CONSTANT_CONVERSION = YES;
				CLANG_WARN_DIRECT_OBJC_ISA_USAGE = YES_ERROR;
				CLANG_WARN_EMPTY_BODY = YES;
				CLANG_WARN_ENUM_CONVERSION = YES;
				CLANG_WARN_INT_CONVERSION = YES;
				CLANG_WARN_OBJC_ROOT_CLASS = YES_ERROR;
				CLANG_WARN_UNREACHABLE_CODE = YES;
				CLANG_WARN__DUPLICATE_METHOD_MATCH = YES;
				"CODE_SIGN_IDENTITY[sdk=iphoneos*]" = "iPhone Developer";
				COPY_PHASE_STRIP = NO;
				CURRENT_PROJECT_VERSION = 1;
				DEBUG_INFORMATION_FORMAT = "dwarf-with-dsym";
				ENABLE_STRICT_OBJC_MSGSEND = YES;
				ENABLE_TESTABILITY = YES;
				GCC_C_LANGUAGE_STANDARD = gnu99;
				GCC_DYNAMIC_NO_PIC = NO;
				GCC_NO_COMMON_BLOCKS = YES;
				GCC_OPTIMIZATION_LEVEL = 0;
				GCC_PREPROCESSOR_DEFINITIONS = (
					"DEBUG=1",
					"$(inherited)",
				);
				GCC_SYMBOLS_PRIVATE_EXTERN = NO;
				GCC_WARN_64_TO_32_BIT_CONVERSION = YES;
				GCC_WARN_ABOUT_RETURN_TYPE = YES_ERROR;
				GCC_WARN_UNDECLARED_SELECTOR = YES;
				GCC_WARN_UNINITIALIZED_AUTOS = YES_AGGRESSIVE;
				GCC_WARN_UNUSED_FUNCTION = YES;
				GCC_WARN_UNUSED_VARIABLE = YES;
				IPHONEOS_DEPLOYMENT_TARGET = 8.3;
				MTL_ENABLE_DEBUG_INFO = YES;
				ONLY_ACTIVE_ARCH = YES;
				SDKROOT = iphoneos;
				SWIFT_OPTIMIZATION_LEVEL = "-Onone";
				TARGETED_DEVICE_FAMILY = "1,2";
				VERSIONING_SYSTEM = "apple-generic";
				VERSION_INFO_PREFIX = "";
			};
			name = Debug;
		};
		38DD4FAB1B306F75003BBCEE /* Release */ = {
			isa = XCBuildConfiguration;
			buildSettings = {
				ALWAYS_SEARCH_USER_PATHS = NO;
				CLANG_CXX_LANGUAGE_STANDARD = "gnu++0x";
				CLANG_CXX_LIBRARY = "libc++";
				CLANG_ENABLE_MODULES = YES;
				CLANG_ENABLE_OBJC_ARC = YES;
				CLANG_WARN_BOOL_CONVERSION = YES;
				CLANG_WARN_CONSTANT_CONVERSION = YES;
				CLANG_WARN_DIRECT_OBJC_ISA_USAGE = YES_ERROR;
				CLANG_WARN_EMPTY_BODY = YES;
				CLANG_WARN_ENUM_CONVERSION = YES;
				CLANG_WARN_INT_CONVERSION = YES;
				CLANG_WARN_OBJC_ROOT_CLASS = YES_ERROR;
				CLANG_WARN_UNREACHABLE_CODE = YES;
				CLANG_WARN__DUPLICATE_METHOD_MATCH = YES;
				"CODE_SIGN_IDENTITY[sdk=iphoneos*]" = "iPhone Developer";
				COPY_PHASE_STRIP = NO;
				CURRENT_PROJECT_VERSION = 1;
				DEBUG_INFORMATION_FORMAT = "dwarf-with-dsym";
				ENABLE_NS_ASSERTIONS = NO;
				ENABLE_STRICT_OBJC_MSGSEND = YES;
				GCC_C_LANGUAGE_STANDARD = gnu99;
				GCC_NO_COMMON_BLOCKS = YES;
				GCC_WARN_64_TO_32_BIT_CONVERSION = YES;
				GCC_WARN_ABOUT_RETURN_TYPE = YES_ERROR;
				GCC_WARN_UNDECLARED_SELECTOR = YES;
				GCC_WARN_UNINITIALIZED_AUTOS = YES_AGGRESSIVE;
				GCC_WARN_UNUSED_FUNCTION = YES;
				GCC_WARN_UNUSED_VARIABLE = YES;
				IPHONEOS_DEPLOYMENT_TARGET = 8.3;
				MTL_ENABLE_DEBUG_INFO = NO;
				SDKROOT = iphoneos;
				TARGETED_DEVICE_FAMILY = "1,2";
				VALIDATE_PRODUCT = YES;
				VERSIONING_SYSTEM = "apple-generic";
				VERSION_INFO_PREFIX = "";
			};
			name = Release;
		};
		38DD4FAD1B306F75003BBCEE /* Debug */ = {
			isa = XCBuildConfiguration;
			buildSettings = {
				CLANG_ENABLE_MODULES = YES;
				DEFINES_MODULE = YES;
				DYLIB_COMPATIBILITY_VERSION = 1;
				DYLIB_CURRENT_VERSION = 1;
				DYLIB_INSTALL_NAME_BASE = "@rpath";
				FRAMEWORK_SEARCH_PATHS = (
					"$(inherited)",
					"$(USER_LIBRARY_DIR)/Developer/Xcode/DerivedData/libraries-bbugebbxwvwmdcftipdzethlotef/Build/Products/Debug-iphoneos",
				);
				INFOPLIST_FILE = Future/Info.plist;
				INSTALL_PATH = "$(LOCAL_LIBRARY_DIR)/Frameworks";
				LD_RUNPATH_SEARCH_PATHS = "$(inherited) @executable_path/Frameworks @loader_path/Frameworks";
				PRODUCT_BUNDLE_IDENTIFIER = "it.elvi.$(PRODUCT_NAME:rfc1034identifier)";
				PRODUCT_NAME = "$(TARGET_NAME)";
				SKIP_INSTALL = YES;
				SWIFT_OPTIMIZATION_LEVEL = "-Onone";
			};
			name = Debug;
		};
		38DD4FAE1B306F75003BBCEE /* Release */ = {
			isa = XCBuildConfiguration;
			buildSettings = {
				CLANG_ENABLE_MODULES = YES;
				DEFINES_MODULE = YES;
				DYLIB_COMPATIBILITY_VERSION = 1;
				DYLIB_CURRENT_VERSION = 1;
				DYLIB_INSTALL_NAME_BASE = "@rpath";
				FRAMEWORK_SEARCH_PATHS = (
					"$(inherited)",
					"$(USER_LIBRARY_DIR)/Developer/Xcode/DerivedData/libraries-bbugebbxwvwmdcftipdzethlotef/Build/Products/Debug-iphoneos",
				);
				INFOPLIST_FILE = Future/Info.plist;
				INSTALL_PATH = "$(LOCAL_LIBRARY_DIR)/Frameworks";
				LD_RUNPATH_SEARCH_PATHS = "$(inherited) @executable_path/Frameworks @loader_path/Frameworks";
				PRODUCT_BUNDLE_IDENTIFIER = "it.elvi.$(PRODUCT_NAME:rfc1034identifier)";
				PRODUCT_NAME = "$(TARGET_NAME)";
				SKIP_INSTALL = YES;
			};
			name = Release;
		};
		38DD4FB01B306F75003BBCEE /* Debug */ = {
			isa = XCBuildConfiguration;
			buildSettings = {
				FRAMEWORK_SEARCH_PATHS = "$(inherited)";
				GCC_PREPROCESSOR_DEFINITIONS = (
					"DEBUG=1",
					"$(inherited)",
				);
				INFOPLIST_FILE = FutureTests/Info.plist;
				LD_RUNPATH_SEARCH_PATHS = "$(inherited) @executable_path/Frameworks @loader_path/Frameworks";
				PRODUCT_BUNDLE_IDENTIFIER = "it.elvi.$(PRODUCT_NAME:rfc1034identifier)";
				PRODUCT_NAME = "$(TARGET_NAME)";
			};
			name = Debug;
		};
		38DD4FB11B306F75003BBCEE /* Release */ = {
			isa = XCBuildConfiguration;
			buildSettings = {
				FRAMEWORK_SEARCH_PATHS = "$(inherited)";
				INFOPLIST_FILE = FutureTests/Info.plist;
				LD_RUNPATH_SEARCH_PATHS = "$(inherited) @executable_path/Frameworks @loader_path/Frameworks";
				PRODUCT_BUNDLE_IDENTIFIER = "it.elvi.$(PRODUCT_NAME:rfc1034identifier)";
				PRODUCT_NAME = "$(TARGET_NAME)";
			};
			name = Release;
		};
/* End XCBuildConfiguration section */

/* Begin XCConfigurationList section */
		38DD4F901B306F75003BBCEE /* Build configuration list for PBXProject "Future" */ = {
			isa = XCConfigurationList;
			buildConfigurations = (
				38DD4FAA1B306F75003BBCEE /* Debug */,
				38DD4FAB1B306F75003BBCEE /* Release */,
			);
			defaultConfigurationIsVisible = 0;
			defaultConfigurationName = Release;
		};
		38DD4FAC1B306F75003BBCEE /* Build configuration list for PBXNativeTarget "Future" */ = {
			isa = XCConfigurationList;
			buildConfigurations = (
				38DD4FAD1B306F75003BBCEE /* Debug */,
				38DD4FAE1B306F75003BBCEE /* Release */,
			);
			defaultConfigurationIsVisible = 0;
			defaultConfigurationName = Release;
		};
		38DD4FAF1B306F75003BBCEE /* Build configuration list for PBXNativeTarget "FutureTests" */ = {
			isa = XCConfigurationList;
			buildConfigurations = (
				38DD4FB01B306F75003BBCEE /* Debug */,
				38DD4FB11B306F75003BBCEE /* Release */,
			);
			defaultConfigurationIsVisible = 0;
			defaultConfigurationName = Release;
		};
/* End XCConfigurationList section */
	};
	rootObject = 38DD4F8D1B306F75003BBCEE /* Project object */;
}
